
Microsoft Visual Studio Solution File, Format Version 12.00
# Visual Studio Version 17
VisualStudioVersion = 17.2.32630.192
MinimumVisualStudioVersion = 10.0.40219.1
Project("{8BC9CEB8-8B4A-11D0-8D11-00A0C91BC942}") = "AOC-Day5", "AOC-Day5\AOC-Day5.vcxproj", "{2E89AAD2-D0F9-4D67-9CE6-30E10E8766B1}"
EndProject
Global
	GlobalSection(SolutionConfigurationPlatforms) = preSolution
		Debug|x64 = Debug|x64
		Debug|x86 = Debug|x86
		Release|x64 = Release|x64
		Release|x86 = Release|x86
	EndGlobalSection
	GlobalSection(ProjectConfigurationPlatforms) = postSolution
		{2E89AAD2-D0F9-4D67-9CE6-30E10E8766B1}.Debug|x64.ActiveCfg = Debug|x64
		{2E89AAD2-D0F9-4D67-9CE6-30E10E8766B1}.Debug|x64.Build.0 = Debug|x64
		{2E89AAD2-D0F9-4D67-9CE6-30E10E8766B1}.Debug|x86.ActiveCfg = Debug|Win32
		{2E89AAD2-D0F9-4D67-9CE6-30E10E8766B1}.Debug|x86.Build.0 = Debug|Win32
		{2E89AAD2-D0F9-4D67-9CE6-30E10E8766B1}.Release|x64.ActiveCfg = Release|x64
		{2E89AAD2-D0F9-4D67-9CE6-30E10E8766B1}.Release|x64.Build.0 = Release|x64
		{2E89AAD2-D0F9-4D67-9CE6-30E10E8766B1}.Release|x86.ActiveCfg = Release|Win32
		{2E89AAD2-D0F9-4D67-9CE6-30E10E8766B1}.Release|x86.Build.0 = Release|Win32
	EndGlobalSection
	GlobalSection(SolutionProperties) = preSolution
		HideSolutionNode = FALSE
	EndGlobalSection
	GlobalSection(ExtensibilityGlobals) = postSolution
		SolutionGuid = {B0096BF9-7BF8-4F9B-97A8-39CA1E3DE7DC}
	EndGlobalSection
EndGlobal
