
Microsoft Visual Studio Solution File, Format Version 12.00
# Visual Studio Version 17
VisualStudioVersion = 17.2.32630.192
MinimumVisualStudioVersion = 10.0.40219.1
Project("{8BC9CEB8-8B4A-11D0-8D11-00A0C91BC942}") = "AOC-Day3", "AOC-Day3\AOC-Day3.vcxproj", "{B4DC8819-FF12-4B79-BD57-696947F5C99F}"
EndProject
Global
	GlobalSection(SolutionConfigurationPlatforms) = preSolution
		Debug|x64 = Debug|x64
		Debug|x86 = Debug|x86
		Release|x64 = Release|x64
		Release|x86 = Release|x86
	EndGlobalSection
	GlobalSection(ProjectConfigurationPlatforms) = postSolution
		{B4DC8819-FF12-4B79-BD57-696947F5C99F}.Debug|x64.ActiveCfg = Debug|x64
		{B4DC8819-FF12-4B79-BD57-696947F5C99F}.Debug|x64.Build.0 = Debug|x64
		{B4DC8819-FF12-4B79-BD57-696947F5C99F}.Debug|x86.ActiveCfg = Debug|Win32
		{B4DC8819-FF12-4B79-BD57-696947F5C99F}.Debug|x86.Build.0 = Debug|Win32
		{B4DC8819-FF12-4B79-BD57-696947F5C99F}.Release|x64.ActiveCfg = Release|x64
		{B4DC8819-FF12-4B79-BD57-696947F5C99F}.Release|x64.Build.0 = Release|x64
		{B4DC8819-FF12-4B79-BD57-696947F5C99F}.Release|x86.ActiveCfg = Release|Win32
		{B4DC8819-FF12-4B79-BD57-696947F5C99F}.Release|x86.Build.0 = Release|Win32
	EndGlobalSection
	GlobalSection(SolutionProperties) = preSolution
		HideSolutionNode = FALSE
	EndGlobalSection
	GlobalSection(ExtensibilityGlobals) = postSolution
		SolutionGuid = {AB911B15-B4DA-4678-8A93-1EEBCC878596}
	EndGlobalSection
EndGlobal
